
Microsoft Visual Studio Solution File, Format Version 12.00
# Visual Studio Version 17
VisualStudioVersion = 17.0.31903.59
MinimumVisualStudioVersion = 10.0.40219.1
Project("{2150E333-8FDC-42A3-9474-1A3956D46DE8}") = "applications", "applications", "{E1ED030F-CE98-4098-B589-40BE93D653D3}"
EndProject
Project("{FAE04EC0-301F-11D3-BF4B-00C04F79EFBC}") = "BitConsoleApp", "applications\BitConsoleApp\BitConsoleApp.csproj", "{CD0DABBD-9A82-446E-AF99-163C31C654D8}"
EndProject
Project("{FAE04EC0-301F-11D3-BF4B-00C04F79EFBC}") = "BrowserApp", "applications\BrowserApp\BrowserApp.csproj", "{1B280969-9049-4505-B5B3-B8B4D0036DC3}"
EndProject
Project("{FAE04EC0-301F-11D3-BF4B-00C04F79EFBC}") = "ConsoleArrayApp", "applications\ConsoleArrayApp\ConsoleArrayApp.csproj", "{4D4CBCFE-C3A9-4080-9902-175AF38C75B4}"
EndProject
Project("{FAE04EC0-301F-11D3-BF4B-00C04F79EFBC}") = "EmployeeDSApp", "applications\EmployeeDSApp\EmployeeDSApp.csproj", "{F9156E73-FF35-4B87-94EC-41AC3B4E50CB}"
EndProject
Project("{FAE04EC0-301F-11D3-BF4B-00C04F79EFBC}") = "LinkedListApp", "applications\LinkedListApp\LinkedListApp.csproj", "{538F2D75-F1EF-488D-BBA7-911B3D942307}"
EndProject
Project("{FAE04EC0-301F-11D3-BF4B-00C04F79EFBC}") = "MusicApp", "applications\MusicApp\MusicApp.csproj", "{4BC00715-095D-4016-8FC9-FBC4E1AFD15D}"
EndProject
Project("{FAE04EC0-301F-11D3-BF4B-00C04F79EFBC}") = "PostFixApp", "applications\PostFixApp\PostFixApp.csproj", "{E4C66EFC-E4DF-4B3B-95A9-D3C10B27179F}"
EndProject
Project("{FAE04EC0-301F-11D3-BF4B-00C04F79EFBC}") = "StudentDSApp", "applications\StudentDSApp\StudentDSApp.csproj", "{2C5F63F9-7D91-4D85-BE4F-4FA1F1BE67D2}"
EndProject
Project("{2150E333-8FDC-42A3-9474-1A3956D46DE8}") = "datastructures", "datastructures", "{72611903-65CF-4487-97AD-6B1C559E9236}"
EndProject
Project("{FAE04EC0-301F-11D3-BF4B-00C04F79EFBC}") = "array", "datastructures\array\array.csproj", "{34E0F4E8-3FD8-488C-A612-14A70F595934}"
EndProject
Project("{FAE04EC0-301F-11D3-BF4B-00C04F79EFBC}") = "linkedlist", "datastructures\linkedlist\linkedlist.csproj", "{3D83244A-E112-4EFD-BDAE-432D0636655E}"
EndProject
Project("{FAE04EC0-301F-11D3-BF4B-00C04F79EFBC}") = "stack", "datastructures\stack\stack.csproj", "{8E099F64-3C1A-4922-81F4-63BDC85DF493}"
EndProject
Project("{2150E333-8FDC-42A3-9474-1A3956D46DE8}") = "libs", "libs", "{FA7E10AB-1848-4B22-A570-DE95FFEC7015}"
EndProject
Project("{FAE04EC0-301F-11D3-BF4B-00C04F79EFBC}") = "bits", "libs\bits\bits.csproj", "{958128FE-24EB-4F93-9147-50DFF55D861A}"
EndProject
Project("{FAE04EC0-301F-11D3-BF4B-00C04F79EFBC}") = "companyClassLibrary", "libs\companyClassLibrary\companyClassLibrary.csproj", "{1E174689-BF44-4154-90BD-938292E535CA}"
EndProject
Project("{FAE04EC0-301F-11D3-BF4B-00C04F79EFBC}") = "MusicLibrary", "libs\MusicLibrary\MusicLibrary.csproj", "{DD761273-9D93-4124-A53E-D26F5A67D57A}"
EndProject
Project("{FAE04EC0-301F-11D3-BF4B-00C04F79EFBC}") = "schoolClassLibrary", "libs\schoolClassLibrary\schoolClassLibrary.csproj", "{3408E7EE-FE53-47BB-836D-E6758078D91C}"
EndProject
Project("{FAE04EC0-301F-11D3-BF4B-00C04F79EFBC}") = "TabsLibrary", "libs\TabsLibrary\TabsLibrary.csproj", "{95BEFAFC-F451-41BC-B4C4-7B9D2B09A455}"
EndProject
Project("{2150E333-8FDC-42A3-9474-1A3956D46DE8}") = "problems", "problems", "{201838C3-AAAB-49BF-9944-AEDDDD8B16D2}"
EndProject
Project("{FAE04EC0-301F-11D3-BF4B-00C04F79EFBC}") = "BalancedParenthesesWithStack", "problems\BalancedParenthesesWithStack\BalancedParenthesesWithStack.csproj", "{6693DC60-5B09-4A2C-8835-6D1ACAFCA851}"
EndProject
Project("{FAE04EC0-301F-11D3-BF4B-00C04F79EFBC}") = "BaseConversionWithStack", "problems\BaseConversionWithStack\BaseConversionWithStack.csproj", "{224097FC-594D-4334-98BC-10F05EC23E9D}"
EndProject
Project("{FAE04EC0-301F-11D3-BF4B-00C04F79EFBC}") = "ContainsDuplicate", "problems\ContainsDuplicate\ContainsDuplicate.csproj", "{3B47B488-89F4-458F-BC17-5CF2ED62E308}"
EndProject
Project("{FAE04EC0-301F-11D3-BF4B-00C04F79EFBC}") = "TwoSum", "problems\TwoSum\TwoSum.csproj", "{95443D84-5EC5-41BC-BCFE-F25F7D89C923}"
EndProject
Project("{2150E333-8FDC-42A3-9474-1A3956D46DE8}") = "tests", "tests", "{7DEBC5D8-541D-40E3-9D39-C3719D6817B1}"
EndProject
Project("{FAE04EC0-301F-11D3-BF4B-00C04F79EFBC}") = "bitsTests", "tests\bitsTests\bitsTests.csproj", "{E2B33703-1956-4E64-8693-FC8B91454FC9}"
EndProject
Project("{FAE04EC0-301F-11D3-BF4B-00C04F79EFBC}") = "companyTest", "tests\companyTest\companyTest.csproj", "{C78724F1-9EFE-4D6D-BB00-FC920362144A}"
EndProject
Project("{2150E333-8FDC-42A3-9474-1A3956D46DE8}") = "datastructures", "datastructures", "{15374FB2-5631-4716-A637-B7B0E74B8B99}"
EndProject
Project("{FAE04EC0-301F-11D3-BF4B-00C04F79EFBC}") = "ArrayTests", "tests\datastructures\ArrayTests\ArrayTests.csproj", "{EDFA49DB-0D48-4D7B-AA0B-28E8F199EEAE}"
EndProject
Project("{FAE04EC0-301F-11D3-BF4B-00C04F79EFBC}") = "linkedListTests", "tests\datastructures\linkedListTests\linkedListTests.csproj", "{0463CC5A-463D-46D7-B6E5-9EEB867F7498}"
EndProject
Project("{FAE04EC0-301F-11D3-BF4B-00C04F79EFBC}") = "stackTests", "tests\datastructures\stackTests\stackTests.csproj", "{7E035B93-B5B3-4A52-AA9E-05632CA444CD}"
EndProject
Project("{FAE04EC0-301F-11D3-BF4B-00C04F79EFBC}") = "schoolTest", "tests\schoolTest\schoolTest.csproj", "{01CBC6DE-CEBB-4533-80F3-A783A6F989D8}"
EndProject
Project("{FAE04EC0-301F-11D3-BF4B-00C04F79EFBC}") = "BalancedBracketTest", "tests\BalancedBracketTest\BalancedBracketTest.csproj", "{851BA443-773B-47B1-9215-37418D25E540}"
EndProject
Project("{FAE04EC0-301F-11D3-BF4B-00C04F79EFBC}") = "Midterm2024", "Midterm2024\Midterm2024.csproj", "{EB90FA26-A86C-453B-B31D-F53ADE68024F}"
EndProject
Project("{FAE04EC0-301F-11D3-BF4B-00C04F79EFBC}") = "queue", "datastructures\queue\queue.csproj", "{577CF746-F0AF-4F5E-81CB-BE32D3F45AB7}"
EndProject
Project("{FAE04EC0-301F-11D3-BF4B-00C04F79EFBC}") = "queueTests", "tests\datastructures\queueTests\queueTests.csproj", "{7EE72CAC-A6AB-42DB-83CD-E853F1D1879D}"
EndProject
Project("{FAE04EC0-301F-11D3-BF4B-00C04F79EFBC}") = "TaskScheduling", "problems\TaskScheduling\TaskScheduling.csproj", "{1FA27B63-664E-4D79-86F1-56059F03F0B5}"
EndProject
Project("{FAE04EC0-301F-11D3-BF4B-00C04F79EFBC}") = "SortingAlgorithms", "SortingAlgorithms\SortingAlgorithms.csproj", "{A5A35751-7849-4EF2-B283-FE08869F744F}"
EndProject
Project("{2150E333-8FDC-42A3-9474-1A3956D46DE8}") = "Shared", "Shared", "{47955DA1-630C-424A-A159-5B206914D03B}"
EndProject
Project("{FAE04EC0-301F-11D3-BF4B-00C04F79EFBC}") = "Utilities", "Shared\Utilities\Utilities.csproj", "{E6F7D4E2-4B02-4581-BF87-92D7A612302B}"
EndProject
Project("{FAE04EC0-301F-11D3-BF4B-00C04F79EFBC}") = "SortingAlgorithmsTests", "tests\SortingAlgorithmsTests\SortingAlgorithmsTests.csproj", "{023079C4-B876-4E81-B9E4-B53E474A8B25}"
EndProject
Project("{FAE04EC0-301F-11D3-BF4B-00C04F79EFBC}") = "SortingAPI", "SortingAPI\SortingAPI.csproj", "{170F0A92-8D57-40B6-BB3A-9D693E0F5750}"
EndProject
Project("{FAE04EC0-301F-11D3-BF4B-00C04F79EFBC}") = "BigOWebApp", "applications\BigOWebApp\BigOWebApp.csproj", "{2B815E4E-0DB0-4F20-AC0E-007C2F8EAB03}"
EndProject
Global
	GlobalSection(SolutionConfigurationPlatforms) = preSolution
		Debug|Any CPU = Debug|Any CPU
		Release|Any CPU = Release|Any CPU
	EndGlobalSection
	GlobalSection(ProjectConfigurationPlatforms) = postSolution
		{CD0DABBD-9A82-446E-AF99-163C31C654D8}.Debug|Any CPU.ActiveCfg = Debug|Any CPU
		{CD0DABBD-9A82-446E-AF99-163C31C654D8}.Debug|Any CPU.Build.0 = Debug|Any CPU
		{CD0DABBD-9A82-446E-AF99-163C31C654D8}.Release|Any CPU.ActiveCfg = Release|Any CPU
		{CD0DABBD-9A82-446E-AF99-163C31C654D8}.Release|Any CPU.Build.0 = Release|Any CPU
		{1B280969-9049-4505-B5B3-B8B4D0036DC3}.Debug|Any CPU.ActiveCfg = Debug|Any CPU
		{1B280969-9049-4505-B5B3-B8B4D0036DC3}.Debug|Any CPU.Build.0 = Debug|Any CPU
		{1B280969-9049-4505-B5B3-B8B4D0036DC3}.Release|Any CPU.ActiveCfg = Release|Any CPU
		{1B280969-9049-4505-B5B3-B8B4D0036DC3}.Release|Any CPU.Build.0 = Release|Any CPU
		{4D4CBCFE-C3A9-4080-9902-175AF38C75B4}.Debug|Any CPU.ActiveCfg = Debug|Any CPU
		{4D4CBCFE-C3A9-4080-9902-175AF38C75B4}.Debug|Any CPU.Build.0 = Debug|Any CPU
		{4D4CBCFE-C3A9-4080-9902-175AF38C75B4}.Release|Any CPU.ActiveCfg = Release|Any CPU
		{4D4CBCFE-C3A9-4080-9902-175AF38C75B4}.Release|Any CPU.Build.0 = Release|Any CPU
		{F9156E73-FF35-4B87-94EC-41AC3B4E50CB}.Debug|Any CPU.ActiveCfg = Debug|Any CPU
		{F9156E73-FF35-4B87-94EC-41AC3B4E50CB}.Debug|Any CPU.Build.0 = Debug|Any CPU
		{F9156E73-FF35-4B87-94EC-41AC3B4E50CB}.Release|Any CPU.ActiveCfg = Release|Any CPU
		{F9156E73-FF35-4B87-94EC-41AC3B4E50CB}.Release|Any CPU.Build.0 = Release|Any CPU
		{538F2D75-F1EF-488D-BBA7-911B3D942307}.Debug|Any CPU.ActiveCfg = Debug|Any CPU
		{538F2D75-F1EF-488D-BBA7-911B3D942307}.Debug|Any CPU.Build.0 = Debug|Any CPU
		{538F2D75-F1EF-488D-BBA7-911B3D942307}.Release|Any CPU.ActiveCfg = Release|Any CPU
		{538F2D75-F1EF-488D-BBA7-911B3D942307}.Release|Any CPU.Build.0 = Release|Any CPU
		{4BC00715-095D-4016-8FC9-FBC4E1AFD15D}.Debug|Any CPU.ActiveCfg = Debug|Any CPU
		{4BC00715-095D-4016-8FC9-FBC4E1AFD15D}.Debug|Any CPU.Build.0 = Debug|Any CPU
		{4BC00715-095D-4016-8FC9-FBC4E1AFD15D}.Release|Any CPU.ActiveCfg = Release|Any CPU
		{4BC00715-095D-4016-8FC9-FBC4E1AFD15D}.Release|Any CPU.Build.0 = Release|Any CPU
		{E4C66EFC-E4DF-4B3B-95A9-D3C10B27179F}.Debug|Any CPU.ActiveCfg = Debug|Any CPU
		{E4C66EFC-E4DF-4B3B-95A9-D3C10B27179F}.Debug|Any CPU.Build.0 = Debug|Any CPU
		{E4C66EFC-E4DF-4B3B-95A9-D3C10B27179F}.Release|Any CPU.ActiveCfg = Release|Any CPU
		{E4C66EFC-E4DF-4B3B-95A9-D3C10B27179F}.Release|Any CPU.Build.0 = Release|Any CPU
		{2C5F63F9-7D91-4D85-BE4F-4FA1F1BE67D2}.Debug|Any CPU.ActiveCfg = Debug|Any CPU
		{2C5F63F9-7D91-4D85-BE4F-4FA1F1BE67D2}.Debug|Any CPU.Build.0 = Debug|Any CPU
		{2C5F63F9-7D91-4D85-BE4F-4FA1F1BE67D2}.Release|Any CPU.ActiveCfg = Release|Any CPU
		{2C5F63F9-7D91-4D85-BE4F-4FA1F1BE67D2}.Release|Any CPU.Build.0 = Release|Any CPU
		{34E0F4E8-3FD8-488C-A612-14A70F595934}.Debug|Any CPU.ActiveCfg = Debug|Any CPU
		{34E0F4E8-3FD8-488C-A612-14A70F595934}.Debug|Any CPU.Build.0 = Debug|Any CPU
		{34E0F4E8-3FD8-488C-A612-14A70F595934}.Release|Any CPU.ActiveCfg = Release|Any CPU
		{34E0F4E8-3FD8-488C-A612-14A70F595934}.Release|Any CPU.Build.0 = Release|Any CPU
		{3D83244A-E112-4EFD-BDAE-432D0636655E}.Debug|Any CPU.ActiveCfg = Debug|Any CPU
		{3D83244A-E112-4EFD-BDAE-432D0636655E}.Debug|Any CPU.Build.0 = Debug|Any CPU
		{3D83244A-E112-4EFD-BDAE-432D0636655E}.Release|Any CPU.ActiveCfg = Release|Any CPU
		{3D83244A-E112-4EFD-BDAE-432D0636655E}.Release|Any CPU.Build.0 = Release|Any CPU
		{8E099F64-3C1A-4922-81F4-63BDC85DF493}.Debug|Any CPU.ActiveCfg = Debug|Any CPU
		{8E099F64-3C1A-4922-81F4-63BDC85DF493}.Debug|Any CPU.Build.0 = Debug|Any CPU
		{8E099F64-3C1A-4922-81F4-63BDC85DF493}.Release|Any CPU.ActiveCfg = Release|Any CPU
		{8E099F64-3C1A-4922-81F4-63BDC85DF493}.Release|Any CPU.Build.0 = Release|Any CPU
		{958128FE-24EB-4F93-9147-50DFF55D861A}.Debug|Any CPU.ActiveCfg = Debug|Any CPU
		{958128FE-24EB-4F93-9147-50DFF55D861A}.Debug|Any CPU.Build.0 = Debug|Any CPU
		{958128FE-24EB-4F93-9147-50DFF55D861A}.Release|Any CPU.ActiveCfg = Release|Any CPU
		{958128FE-24EB-4F93-9147-50DFF55D861A}.Release|Any CPU.Build.0 = Release|Any CPU
		{1E174689-BF44-4154-90BD-938292E535CA}.Debug|Any CPU.ActiveCfg = Debug|Any CPU
		{1E174689-BF44-4154-90BD-938292E535CA}.Debug|Any CPU.Build.0 = Debug|Any CPU
		{1E174689-BF44-4154-90BD-938292E535CA}.Release|Any CPU.ActiveCfg = Release|Any CPU
		{1E174689-BF44-4154-90BD-938292E535CA}.Release|Any CPU.Build.0 = Release|Any CPU
		{DD761273-9D93-4124-A53E-D26F5A67D57A}.Debug|Any CPU.ActiveCfg = Debug|Any CPU
		{DD761273-9D93-4124-A53E-D26F5A67D57A}.Debug|Any CPU.Build.0 = Debug|Any CPU
		{DD761273-9D93-4124-A53E-D26F5A67D57A}.Release|Any CPU.ActiveCfg = Release|Any CPU
		{DD761273-9D93-4124-A53E-D26F5A67D57A}.Release|Any CPU.Build.0 = Release|Any CPU
		{3408E7EE-FE53-47BB-836D-E6758078D91C}.Debug|Any CPU.ActiveCfg = Debug|Any CPU
		{3408E7EE-FE53-47BB-836D-E6758078D91C}.Debug|Any CPU.Build.0 = Debug|Any CPU
		{3408E7EE-FE53-47BB-836D-E6758078D91C}.Release|Any CPU.ActiveCfg = Release|Any CPU
		{3408E7EE-FE53-47BB-836D-E6758078D91C}.Release|Any CPU.Build.0 = Release|Any CPU
		{95BEFAFC-F451-41BC-B4C4-7B9D2B09A455}.Debug|Any CPU.ActiveCfg = Debug|Any CPU
		{95BEFAFC-F451-41BC-B4C4-7B9D2B09A455}.Debug|Any CPU.Build.0 = Debug|Any CPU
		{95BEFAFC-F451-41BC-B4C4-7B9D2B09A455}.Release|Any CPU.ActiveCfg = Release|Any CPU
		{95BEFAFC-F451-41BC-B4C4-7B9D2B09A455}.Release|Any CPU.Build.0 = Release|Any CPU
		{6693DC60-5B09-4A2C-8835-6D1ACAFCA851}.Debug|Any CPU.ActiveCfg = Debug|Any CPU
		{6693DC60-5B09-4A2C-8835-6D1ACAFCA851}.Debug|Any CPU.Build.0 = Debug|Any CPU
		{6693DC60-5B09-4A2C-8835-6D1ACAFCA851}.Release|Any CPU.ActiveCfg = Release|Any CPU
		{6693DC60-5B09-4A2C-8835-6D1ACAFCA851}.Release|Any CPU.Build.0 = Release|Any CPU
		{224097FC-594D-4334-98BC-10F05EC23E9D}.Debug|Any CPU.ActiveCfg = Debug|Any CPU
		{224097FC-594D-4334-98BC-10F05EC23E9D}.Debug|Any CPU.Build.0 = Debug|Any CPU
		{224097FC-594D-4334-98BC-10F05EC23E9D}.Release|Any CPU.ActiveCfg = Release|Any CPU
		{224097FC-594D-4334-98BC-10F05EC23E9D}.Release|Any CPU.Build.0 = Release|Any CPU
		{3B47B488-89F4-458F-BC17-5CF2ED62E308}.Debug|Any CPU.ActiveCfg = Debug|Any CPU
		{3B47B488-89F4-458F-BC17-5CF2ED62E308}.Debug|Any CPU.Build.0 = Debug|Any CPU
		{3B47B488-89F4-458F-BC17-5CF2ED62E308}.Release|Any CPU.ActiveCfg = Release|Any CPU
		{3B47B488-89F4-458F-BC17-5CF2ED62E308}.Release|Any CPU.Build.0 = Release|Any CPU
		{95443D84-5EC5-41BC-BCFE-F25F7D89C923}.Debug|Any CPU.ActiveCfg = Debug|Any CPU
		{95443D84-5EC5-41BC-BCFE-F25F7D89C923}.Debug|Any CPU.Build.0 = Debug|Any CPU
		{95443D84-5EC5-41BC-BCFE-F25F7D89C923}.Release|Any CPU.ActiveCfg = Release|Any CPU
		{95443D84-5EC5-41BC-BCFE-F25F7D89C923}.Release|Any CPU.Build.0 = Release|Any CPU
		{E2B33703-1956-4E64-8693-FC8B91454FC9}.Debug|Any CPU.ActiveCfg = Debug|Any CPU
		{E2B33703-1956-4E64-8693-FC8B91454FC9}.Debug|Any CPU.Build.0 = Debug|Any CPU
		{E2B33703-1956-4E64-8693-FC8B91454FC9}.Release|Any CPU.ActiveCfg = Release|Any CPU
		{E2B33703-1956-4E64-8693-FC8B91454FC9}.Release|Any CPU.Build.0 = Release|Any CPU
		{C78724F1-9EFE-4D6D-BB00-FC920362144A}.Debug|Any CPU.ActiveCfg = Debug|Any CPU
		{C78724F1-9EFE-4D6D-BB00-FC920362144A}.Debug|Any CPU.Build.0 = Debug|Any CPU
		{C78724F1-9EFE-4D6D-BB00-FC920362144A}.Release|Any CPU.ActiveCfg = Release|Any CPU
		{C78724F1-9EFE-4D6D-BB00-FC920362144A}.Release|Any CPU.Build.0 = Release|Any CPU
		{EDFA49DB-0D48-4D7B-AA0B-28E8F199EEAE}.Debug|Any CPU.ActiveCfg = Debug|Any CPU
		{EDFA49DB-0D48-4D7B-AA0B-28E8F199EEAE}.Debug|Any CPU.Build.0 = Debug|Any CPU
		{EDFA49DB-0D48-4D7B-AA0B-28E8F199EEAE}.Release|Any CPU.ActiveCfg = Release|Any CPU
		{EDFA49DB-0D48-4D7B-AA0B-28E8F199EEAE}.Release|Any CPU.Build.0 = Release|Any CPU
		{0463CC5A-463D-46D7-B6E5-9EEB867F7498}.Debug|Any CPU.ActiveCfg = Debug|Any CPU
		{0463CC5A-463D-46D7-B6E5-9EEB867F7498}.Debug|Any CPU.Build.0 = Debug|Any CPU
		{0463CC5A-463D-46D7-B6E5-9EEB867F7498}.Release|Any CPU.ActiveCfg = Release|Any CPU
		{0463CC5A-463D-46D7-B6E5-9EEB867F7498}.Release|Any CPU.Build.0 = Release|Any CPU
		{7E035B93-B5B3-4A52-AA9E-05632CA444CD}.Debug|Any CPU.ActiveCfg = Debug|Any CPU
		{7E035B93-B5B3-4A52-AA9E-05632CA444CD}.Debug|Any CPU.Build.0 = Debug|Any CPU
		{7E035B93-B5B3-4A52-AA9E-05632CA444CD}.Release|Any CPU.ActiveCfg = Release|Any CPU
		{7E035B93-B5B3-4A52-AA9E-05632CA444CD}.Release|Any CPU.Build.0 = Release|Any CPU
		{01CBC6DE-CEBB-4533-80F3-A783A6F989D8}.Debug|Any CPU.ActiveCfg = Debug|Any CPU
		{01CBC6DE-CEBB-4533-80F3-A783A6F989D8}.Debug|Any CPU.Build.0 = Debug|Any CPU
		{01CBC6DE-CEBB-4533-80F3-A783A6F989D8}.Release|Any CPU.ActiveCfg = Release|Any CPU
		{01CBC6DE-CEBB-4533-80F3-A783A6F989D8}.Release|Any CPU.Build.0 = Release|Any CPU
		{851BA443-773B-47B1-9215-37418D25E540}.Debug|Any CPU.ActiveCfg = Debug|Any CPU
		{851BA443-773B-47B1-9215-37418D25E540}.Debug|Any CPU.Build.0 = Debug|Any CPU
		{851BA443-773B-47B1-9215-37418D25E540}.Release|Any CPU.ActiveCfg = Release|Any CPU
		{851BA443-773B-47B1-9215-37418D25E540}.Release|Any CPU.Build.0 = Release|Any CPU
		{EB90FA26-A86C-453B-B31D-F53ADE68024F}.Debug|Any CPU.ActiveCfg = Debug|Any CPU
		{EB90FA26-A86C-453B-B31D-F53ADE68024F}.Debug|Any CPU.Build.0 = Debug|Any CPU
		{EB90FA26-A86C-453B-B31D-F53ADE68024F}.Release|Any CPU.ActiveCfg = Release|Any CPU
		{EB90FA26-A86C-453B-B31D-F53ADE68024F}.Release|Any CPU.Build.0 = Release|Any CPU
		{577CF746-F0AF-4F5E-81CB-BE32D3F45AB7}.Debug|Any CPU.ActiveCfg = Debug|Any CPU
		{577CF746-F0AF-4F5E-81CB-BE32D3F45AB7}.Debug|Any CPU.Build.0 = Debug|Any CPU
		{577CF746-F0AF-4F5E-81CB-BE32D3F45AB7}.Release|Any CPU.ActiveCfg = Release|Any CPU
		{577CF746-F0AF-4F5E-81CB-BE32D3F45AB7}.Release|Any CPU.Build.0 = Release|Any CPU
		{7EE72CAC-A6AB-42DB-83CD-E853F1D1879D}.Debug|Any CPU.ActiveCfg = Debug|Any CPU
		{7EE72CAC-A6AB-42DB-83CD-E853F1D1879D}.Debug|Any CPU.Build.0 = Debug|Any CPU
		{7EE72CAC-A6AB-42DB-83CD-E853F1D1879D}.Release|Any CPU.ActiveCfg = Release|Any CPU
		{7EE72CAC-A6AB-42DB-83CD-E853F1D1879D}.Release|Any CPU.Build.0 = Release|Any CPU
		{1FA27B63-664E-4D79-86F1-56059F03F0B5}.Debug|Any CPU.ActiveCfg = Debug|Any CPU
		{1FA27B63-664E-4D79-86F1-56059F03F0B5}.Debug|Any CPU.Build.0 = Debug|Any CPU
		{1FA27B63-664E-4D79-86F1-56059F03F0B5}.Release|Any CPU.ActiveCfg = Release|Any CPU
		{1FA27B63-664E-4D79-86F1-56059F03F0B5}.Release|Any CPU.Build.0 = Release|Any CPU
		{A5A35751-7849-4EF2-B283-FE08869F744F}.Debug|Any CPU.ActiveCfg = Debug|Any CPU
		{A5A35751-7849-4EF2-B283-FE08869F744F}.Debug|Any CPU.Build.0 = Debug|Any CPU
		{A5A35751-7849-4EF2-B283-FE08869F744F}.Release|Any CPU.ActiveCfg = Release|Any CPU
		{A5A35751-7849-4EF2-B283-FE08869F744F}.Release|Any CPU.Build.0 = Release|Any CPU
		{E6F7D4E2-4B02-4581-BF87-92D7A612302B}.Debug|Any CPU.ActiveCfg = Debug|Any CPU
		{E6F7D4E2-4B02-4581-BF87-92D7A612302B}.Debug|Any CPU.Build.0 = Debug|Any CPU
		{E6F7D4E2-4B02-4581-BF87-92D7A612302B}.Release|Any CPU.ActiveCfg = Release|Any CPU
		{E6F7D4E2-4B02-4581-BF87-92D7A612302B}.Release|Any CPU.Build.0 = Release|Any CPU
		{023079C4-B876-4E81-B9E4-B53E474A8B25}.Debug|Any CPU.ActiveCfg = Debug|Any CPU
		{023079C4-B876-4E81-B9E4-B53E474A8B25}.Debug|Any CPU.Build.0 = Debug|Any CPU
		{023079C4-B876-4E81-B9E4-B53E474A8B25}.Release|Any CPU.ActiveCfg = Release|Any CPU
		{023079C4-B876-4E81-B9E4-B53E474A8B25}.Release|Any CPU.Build.0 = Release|Any CPU
		{170F0A92-8D57-40B6-BB3A-9D693E0F5750}.Debug|Any CPU.ActiveCfg = Debug|Any CPU
		{170F0A92-8D57-40B6-BB3A-9D693E0F5750}.Debug|Any CPU.Build.0 = Debug|Any CPU
		{170F0A92-8D57-40B6-BB3A-9D693E0F5750}.Release|Any CPU.ActiveCfg = Release|Any CPU
		{170F0A92-8D57-40B6-BB3A-9D693E0F5750}.Release|Any CPU.Build.0 = Release|Any CPU
		{2B815E4E-0DB0-4F20-AC0E-007C2F8EAB03}.Debug|Any CPU.ActiveCfg = Debug|Any CPU
		{2B815E4E-0DB0-4F20-AC0E-007C2F8EAB03}.Debug|Any CPU.Build.0 = Debug|Any CPU
		{2B815E4E-0DB0-4F20-AC0E-007C2F8EAB03}.Release|Any CPU.ActiveCfg = Release|Any CPU
		{2B815E4E-0DB0-4F20-AC0E-007C2F8EAB03}.Release|Any CPU.Build.0 = Release|Any CPU
	EndGlobalSection
	GlobalSection(SolutionProperties) = preSolution
		HideSolutionNode = FALSE
	EndGlobalSection
	GlobalSection(NestedProjects) = preSolution
		{CD0DABBD-9A82-446E-AF99-163C31C654D8} = {E1ED030F-CE98-4098-B589-40BE93D653D3}
		{1B280969-9049-4505-B5B3-B8B4D0036DC3} = {E1ED030F-CE98-4098-B589-40BE93D653D3}
		{4D4CBCFE-C3A9-4080-9902-175AF38C75B4} = {E1ED030F-CE98-4098-B589-40BE93D653D3}
		{F9156E73-FF35-4B87-94EC-41AC3B4E50CB} = {E1ED030F-CE98-4098-B589-40BE93D653D3}
		{538F2D75-F1EF-488D-BBA7-911B3D942307} = {E1ED030F-CE98-4098-B589-40BE93D653D3}
		{4BC00715-095D-4016-8FC9-FBC4E1AFD15D} = {E1ED030F-CE98-4098-B589-40BE93D653D3}
		{E4C66EFC-E4DF-4B3B-95A9-D3C10B27179F} = {E1ED030F-CE98-4098-B589-40BE93D653D3}
		{2C5F63F9-7D91-4D85-BE4F-4FA1F1BE67D2} = {E1ED030F-CE98-4098-B589-40BE93D653D3}
		{34E0F4E8-3FD8-488C-A612-14A70F595934} = {72611903-65CF-4487-97AD-6B1C559E9236}
		{3D83244A-E112-4EFD-BDAE-432D0636655E} = {72611903-65CF-4487-97AD-6B1C559E9236}
		{8E099F64-3C1A-4922-81F4-63BDC85DF493} = {72611903-65CF-4487-97AD-6B1C559E9236}
		{958128FE-24EB-4F93-9147-50DFF55D861A} = {FA7E10AB-1848-4B22-A570-DE95FFEC7015}
		{1E174689-BF44-4154-90BD-938292E535CA} = {FA7E10AB-1848-4B22-A570-DE95FFEC7015}
		{DD761273-9D93-4124-A53E-D26F5A67D57A} = {FA7E10AB-1848-4B22-A570-DE95FFEC7015}
		{3408E7EE-FE53-47BB-836D-E6758078D91C} = {FA7E10AB-1848-4B22-A570-DE95FFEC7015}
		{95BEFAFC-F451-41BC-B4C4-7B9D2B09A455} = {FA7E10AB-1848-4B22-A570-DE95FFEC7015}
		{6693DC60-5B09-4A2C-8835-6D1ACAFCA851} = {201838C3-AAAB-49BF-9944-AEDDDD8B16D2}
		{224097FC-594D-4334-98BC-10F05EC23E9D} = {201838C3-AAAB-49BF-9944-AEDDDD8B16D2}
		{3B47B488-89F4-458F-BC17-5CF2ED62E308} = {201838C3-AAAB-49BF-9944-AEDDDD8B16D2}
		{95443D84-5EC5-41BC-BCFE-F25F7D89C923} = {201838C3-AAAB-49BF-9944-AEDDDD8B16D2}
		{E2B33703-1956-4E64-8693-FC8B91454FC9} = {7DEBC5D8-541D-40E3-9D39-C3719D6817B1}
		{C78724F1-9EFE-4D6D-BB00-FC920362144A} = {7DEBC5D8-541D-40E3-9D39-C3719D6817B1}
		{15374FB2-5631-4716-A637-B7B0E74B8B99} = {7DEBC5D8-541D-40E3-9D39-C3719D6817B1}
		{EDFA49DB-0D48-4D7B-AA0B-28E8F199EEAE} = {15374FB2-5631-4716-A637-B7B0E74B8B99}
		{0463CC5A-463D-46D7-B6E5-9EEB867F7498} = {15374FB2-5631-4716-A637-B7B0E74B8B99}
		{7E035B93-B5B3-4A52-AA9E-05632CA444CD} = {15374FB2-5631-4716-A637-B7B0E74B8B99}
		{01CBC6DE-CEBB-4533-80F3-A783A6F989D8} = {7DEBC5D8-541D-40E3-9D39-C3719D6817B1}
		{851BA443-773B-47B1-9215-37418D25E540} = {7DEBC5D8-541D-40E3-9D39-C3719D6817B1}
		{577CF746-F0AF-4F5E-81CB-BE32D3F45AB7} = {72611903-65CF-4487-97AD-6B1C559E9236}
		{7EE72CAC-A6AB-42DB-83CD-E853F1D1879D} = {15374FB2-5631-4716-A637-B7B0E74B8B99}
		{1FA27B63-664E-4D79-86F1-56059F03F0B5} = {201838C3-AAAB-49BF-9944-AEDDDD8B16D2}
		{E6F7D4E2-4B02-4581-BF87-92D7A612302B} = {47955DA1-630C-424A-A159-5B206914D03B}
		{023079C4-B876-4E81-B9E4-B53E474A8B25} = {7DEBC5D8-541D-40E3-9D39-C3719D6817B1}
		{170F0A92-8D57-40B6-BB3A-9D693E0F5750} = {201838C3-AAAB-49BF-9944-AEDDDD8B16D2}
		{2B815E4E-0DB0-4F20-AC0E-007C2F8EAB03} = {E1ED030F-CE98-4098-B589-40BE93D653D3}
	EndGlobalSection
	GlobalSection(ExtensibilityGlobals) = postSolution
		SolutionGuid = {FA0D135B-B5AF-40F8-87CB-A281A18A4771}
	EndGlobalSection
EndGlobal
