
Microsoft Visual Studio Solution File, Format Version 12.00
# Visual Studio Version 17
VisualStudioVersion = 17.0.31903.59
MinimumVisualStudioVersion = 10.0.40219.1
Project("{2150E333-8FDC-42A3-9474-1A3956D46DE8}") = "libs", "libs", "{82A3FA7D-B206-461F-A4B5-46FFBA8CE0E7}"
EndProject
Project("{FAE04EC0-301F-11D3-BF4B-00C04F79EFBC}") = "bits", "libs\bits\bits.csproj", "{CE378106-6E70-4E3A-8DDE-EBD36E4F9F5D}"
EndProject
Project("{2150E333-8FDC-42A3-9474-1A3956D46DE8}") = "applications", "applications", "{2988E661-2056-4560-8BEE-BD02B2D83B34}"
EndProject
Project("{FAE04EC0-301F-11D3-BF4B-00C04F79EFBC}") = "BitConsoleApp", "applications\BitConsoleApp\BitConsoleApp.csproj", "{5DDAC14D-FE0B-43D0-8A65-6910E3E204EF}"
EndProject
Project("{2150E333-8FDC-42A3-9474-1A3956D46DE8}") = "tests", "tests", "{D7F352F5-D86D-476B-8BD1-4235E92C088D}"
EndProject
Project("{FAE04EC0-301F-11D3-BF4B-00C04F79EFBC}") = "bitsTests", "tests\bitsTests\bitsTests.csproj", "{CBF22957-A27F-45AD-93E4-F511F42630BE}"
EndProject
Project("{FAE04EC0-301F-11D3-BF4B-00C04F79EFBC}") = "companyClassLibrary", "libs\companyClassLibrary\companyClassLibrary.csproj", "{911C2722-6737-8D91-2B21-CC5680D07019}"
EndProject
Project("{FAE04EC0-301F-11D3-BF4B-00C04F79EFBC}") = "schoolClassLibrary", "libs\schoolClassLibrary\schoolClassLibrary.csproj", "{9D89E413-55D0-4424-1F29-5F7F809E8802}"
EndProject
Project("{FAE04EC0-301F-11D3-BF4B-00C04F79EFBC}") = "companyTest", "tests\companyTest\companyTest.csproj", "{13B662ED-7A3A-5F66-10C1-BBCBEA05D2DC}"
EndProject
Project("{FAE04EC0-301F-11D3-BF4B-00C04F79EFBC}") = "schoolTest", "tests\schoolTest\schoolTest.csproj", "{2A53C793-153B-0696-CB4F-89F231BDDEDA}"
EndProject
Project("{FAE04EC0-301F-11D3-BF4B-00C04F79EFBC}") = "ConsoleArrayApp", "applications\ConsoleArrayApp\ConsoleArrayApp.csproj", "{51223D4B-145E-4BFF-B8F9-9FB71CE2EC2B}"
EndProject
Project("{2150E333-8FDC-42A3-9474-1A3956D46DE8}") = "datastructures", "datastructures", "{C75378EF-0AC3-4EEC-977E-E002EC2288E3}"
EndProject
Project("{FAE04EC0-301F-11D3-BF4B-00C04F79EFBC}") = "array", "datastructures\array\array.csproj", "{76325BE3-E690-4BFB-A6E9-BFEB66929915}"
EndProject
Project("{2150E333-8FDC-42A3-9474-1A3956D46DE8}") = "datastructures", "datastructures", "{0590F641-87E7-42D8-B4EA-4F4083E27027}"
EndProject
Project("{FAE04EC0-301F-11D3-BF4B-00C04F79EFBC}") = "ArrayTests", "tests\datastructures\ArrayTests\ArrayTests.csproj", "{9A23F05F-18D5-4C44-90C9-769CEDA5719C}"
EndProject
Project("{2150E333-8FDC-42A3-9474-1A3956D46DE8}") = "problems", "problems", "{317058F8-8E04-49A7-8A64-5734B1CCD7C1}"
EndProject
Project("{FAE04EC0-301F-11D3-BF4B-00C04F79EFBC}") = "ContainsDuplicate", "problems\ContainsDuplicate\ContainsDuplicate.csproj", "{33972C66-8795-4D86-9BFE-109AF36450EC}"
EndProject
Project("{FAE04EC0-301F-11D3-BF4B-00C04F79EFBC}") = "TwoSum", "problems\TwoSum\TwoSum.csproj", "{4A9A7160-FCF1-44A7-B09A-DFCA917C3AAF}"
EndProject
Project("{FAE04EC0-301F-11D3-BF4B-00C04F79EFBC}") = "linkedlist", "datastructures\linkedlist\linkedlist.csproj", "{1E979018-3918-42C6-8DA2-5497DEB7C659}"
EndProject
Project("{FAE04EC0-301F-11D3-BF4B-00C04F79EFBC}") = "linkedListTests", "tests\datastructures\linkedListTests\linkedListTests.csproj", "{2CC6B202-3D04-4485-B0D3-771345E27F1C}"
EndProject
Project("{FAE04EC0-301F-11D3-BF4B-00C04F79EFBC}") = "LinkedListApp", "applications\LinkedListApp\LinkedListApp.csproj", "{43F11A7A-3B05-48BE-A4E4-88C7087B552C}"
EndProject
Project("{FAE04EC0-301F-11D3-BF4B-00C04F79EFBC}") = "EmployeeDSApp", "problems\EmployeeDSApp\EmployeeDSApp.csproj", "{D8136956-8005-BF80-837F-739EBB94CCC2}"
EndProject
Project("{FAE04EC0-301F-11D3-BF4B-00C04F79EFBC}") = "StudentDSApp", "problems\StudentDSApp\StudentDSApp.csproj", "{02CA76BD-F842-6A72-D23E-65A73E08B17F}"
EndProject
Project("{FAE04EC0-301F-11D3-BF4B-00C04F79EFBC}") = "MusicApp", "MusicApp\MusicApp.csproj", "{4DCF92D8-EB1D-4F9A-B72E-BA661B0D4B7D}"
EndProject
Project("{FAE04EC0-301F-11D3-BF4B-00C04F79EFBC}") = "MusicLibrary", "MusicLibrary\MusicLibrary.csproj", "{7A7AAB1B-0FE2-406E-B5A1-5FBABB678131}"
EndProject
Project("{FAE04EC0-301F-11D3-BF4B-00C04F79EFBC}") = "BrowserApp", "BrowserApp\BrowserApp.csproj", "{CE38FB3F-7E57-41FE-BFC7-A8AA7156FC29}"
EndProject
Project("{FAE04EC0-301F-11D3-BF4B-00C04F79EFBC}") = "TabsLibrary", "TabsLibrary\TabsLibrary.csproj", "{5708736D-1BCC-4356-A666-6D6D02009180}"
EndProject
Project("{FAE04EC0-301F-11D3-BF4B-00C04F79EFBC}") = "stack", "datastructures\stack\stack.csproj", "{DB6BDE84-18D1-4CA0-93BC-C2FB111014C7}"
EndProject
Project("{FAE04EC0-301F-11D3-BF4B-00C04F79EFBC}") = "stackTests", "tests\datastructures\stackTests\stackTests.csproj", "{75B5B2C7-31BA-4227-BE78-12F0E3B04C89}"
EndProject
Project("{FAE04EC0-301F-11D3-BF4B-00C04F79EFBC}") = "BaseConversionWithStack", "problems\BaseConversionWithStack\BaseConversionWithStack.csproj", "{7279BC49-D610-416D-8B94-F8A4E1C8F63F}"
EndProject
Project("{FAE04EC0-301F-11D3-BF4B-00C04F79EFBC}") = "BalancedParenthesesWithStack", "problems\BalancedParenthesesWithStack\BalancedParenthesesWithStack.csproj", "{5E702BFA-4BA7-415C-9A5C-6D8F6BF1EAB3}"
EndProject
Project("{FAE04EC0-301F-11D3-BF4B-00C04F79EFBC}") = "PostFixApp", "applications\PostFixApp\PostFixApp.csproj", "{A73F62E5-0E69-4530-9105-8F758D27EC9B}"
EndProject
Global
	GlobalSection(SolutionConfigurationPlatforms) = preSolution
		Debug|Any CPU = Debug|Any CPU
		Debug|x64 = Debug|x64
		Debug|x86 = Debug|x86
		Release|Any CPU = Release|Any CPU
		Release|x64 = Release|x64
		Release|x86 = Release|x86
	EndGlobalSection
	GlobalSection(ProjectConfigurationPlatforms) = postSolution
		{CE378106-6E70-4E3A-8DDE-EBD36E4F9F5D}.Debug|Any CPU.ActiveCfg = Debug|Any CPU
		{CE378106-6E70-4E3A-8DDE-EBD36E4F9F5D}.Debug|Any CPU.Build.0 = Debug|Any CPU
		{CE378106-6E70-4E3A-8DDE-EBD36E4F9F5D}.Debug|x64.ActiveCfg = Debug|Any CPU
		{CE378106-6E70-4E3A-8DDE-EBD36E4F9F5D}.Debug|x64.Build.0 = Debug|Any CPU
		{CE378106-6E70-4E3A-8DDE-EBD36E4F9F5D}.Debug|x86.ActiveCfg = Debug|Any CPU
		{CE378106-6E70-4E3A-8DDE-EBD36E4F9F5D}.Debug|x86.Build.0 = Debug|Any CPU
		{CE378106-6E70-4E3A-8DDE-EBD36E4F9F5D}.Release|Any CPU.ActiveCfg = Release|Any CPU
		{CE378106-6E70-4E3A-8DDE-EBD36E4F9F5D}.Release|Any CPU.Build.0 = Release|Any CPU
		{CE378106-6E70-4E3A-8DDE-EBD36E4F9F5D}.Release|x64.ActiveCfg = Release|Any CPU
		{CE378106-6E70-4E3A-8DDE-EBD36E4F9F5D}.Release|x64.Build.0 = Release|Any CPU
		{CE378106-6E70-4E3A-8DDE-EBD36E4F9F5D}.Release|x86.ActiveCfg = Release|Any CPU
		{CE378106-6E70-4E3A-8DDE-EBD36E4F9F5D}.Release|x86.Build.0 = Release|Any CPU
		{5DDAC14D-FE0B-43D0-8A65-6910E3E204EF}.Debug|Any CPU.ActiveCfg = Debug|Any CPU
		{5DDAC14D-FE0B-43D0-8A65-6910E3E204EF}.Debug|Any CPU.Build.0 = Debug|Any CPU
		{5DDAC14D-FE0B-43D0-8A65-6910E3E204EF}.Debug|x64.ActiveCfg = Debug|Any CPU
		{5DDAC14D-FE0B-43D0-8A65-6910E3E204EF}.Debug|x64.Build.0 = Debug|Any CPU
		{5DDAC14D-FE0B-43D0-8A65-6910E3E204EF}.Debug|x86.ActiveCfg = Debug|Any CPU
		{5DDAC14D-FE0B-43D0-8A65-6910E3E204EF}.Debug|x86.Build.0 = Debug|Any CPU
		{5DDAC14D-FE0B-43D0-8A65-6910E3E204EF}.Release|Any CPU.ActiveCfg = Release|Any CPU
		{5DDAC14D-FE0B-43D0-8A65-6910E3E204EF}.Release|Any CPU.Build.0 = Release|Any CPU
		{5DDAC14D-FE0B-43D0-8A65-6910E3E204EF}.Release|x64.ActiveCfg = Release|Any CPU
		{5DDAC14D-FE0B-43D0-8A65-6910E3E204EF}.Release|x64.Build.0 = Release|Any CPU
		{5DDAC14D-FE0B-43D0-8A65-6910E3E204EF}.Release|x86.ActiveCfg = Release|Any CPU
		{5DDAC14D-FE0B-43D0-8A65-6910E3E204EF}.Release|x86.Build.0 = Release|Any CPU
		{CBF22957-A27F-45AD-93E4-F511F42630BE}.Debug|Any CPU.ActiveCfg = Debug|Any CPU
		{CBF22957-A27F-45AD-93E4-F511F42630BE}.Debug|Any CPU.Build.0 = Debug|Any CPU
		{CBF22957-A27F-45AD-93E4-F511F42630BE}.Debug|x64.ActiveCfg = Debug|Any CPU
		{CBF22957-A27F-45AD-93E4-F511F42630BE}.Debug|x64.Build.0 = Debug|Any CPU
		{CBF22957-A27F-45AD-93E4-F511F42630BE}.Debug|x86.ActiveCfg = Debug|Any CPU
		{CBF22957-A27F-45AD-93E4-F511F42630BE}.Debug|x86.Build.0 = Debug|Any CPU
		{CBF22957-A27F-45AD-93E4-F511F42630BE}.Release|Any CPU.ActiveCfg = Release|Any CPU
		{CBF22957-A27F-45AD-93E4-F511F42630BE}.Release|Any CPU.Build.0 = Release|Any CPU
		{CBF22957-A27F-45AD-93E4-F511F42630BE}.Release|x64.ActiveCfg = Release|Any CPU
		{CBF22957-A27F-45AD-93E4-F511F42630BE}.Release|x64.Build.0 = Release|Any CPU
		{CBF22957-A27F-45AD-93E4-F511F42630BE}.Release|x86.ActiveCfg = Release|Any CPU
		{CBF22957-A27F-45AD-93E4-F511F42630BE}.Release|x86.Build.0 = Release|Any CPU
		{911C2722-6737-8D91-2B21-CC5680D07019}.Debug|Any CPU.ActiveCfg = Debug|Any CPU
		{911C2722-6737-8D91-2B21-CC5680D07019}.Debug|Any CPU.Build.0 = Debug|Any CPU
		{911C2722-6737-8D91-2B21-CC5680D07019}.Debug|x64.ActiveCfg = Debug|Any CPU
		{911C2722-6737-8D91-2B21-CC5680D07019}.Debug|x64.Build.0 = Debug|Any CPU
		{911C2722-6737-8D91-2B21-CC5680D07019}.Debug|x86.ActiveCfg = Debug|Any CPU
		{911C2722-6737-8D91-2B21-CC5680D07019}.Debug|x86.Build.0 = Debug|Any CPU
		{911C2722-6737-8D91-2B21-CC5680D07019}.Release|Any CPU.ActiveCfg = Release|Any CPU
		{911C2722-6737-8D91-2B21-CC5680D07019}.Release|Any CPU.Build.0 = Release|Any CPU
		{911C2722-6737-8D91-2B21-CC5680D07019}.Release|x64.ActiveCfg = Release|Any CPU
		{911C2722-6737-8D91-2B21-CC5680D07019}.Release|x64.Build.0 = Release|Any CPU
		{911C2722-6737-8D91-2B21-CC5680D07019}.Release|x86.ActiveCfg = Release|Any CPU
		{911C2722-6737-8D91-2B21-CC5680D07019}.Release|x86.Build.0 = Release|Any CPU
		{9D89E413-55D0-4424-1F29-5F7F809E8802}.Debug|Any CPU.ActiveCfg = Debug|Any CPU
		{9D89E413-55D0-4424-1F29-5F7F809E8802}.Debug|Any CPU.Build.0 = Debug|Any CPU
		{9D89E413-55D0-4424-1F29-5F7F809E8802}.Debug|x64.ActiveCfg = Debug|Any CPU
		{9D89E413-55D0-4424-1F29-5F7F809E8802}.Debug|x64.Build.0 = Debug|Any CPU
		{9D89E413-55D0-4424-1F29-5F7F809E8802}.Debug|x86.ActiveCfg = Debug|Any CPU
		{9D89E413-55D0-4424-1F29-5F7F809E8802}.Debug|x86.Build.0 = Debug|Any CPU
		{9D89E413-55D0-4424-1F29-5F7F809E8802}.Release|Any CPU.ActiveCfg = Release|Any CPU
		{9D89E413-55D0-4424-1F29-5F7F809E8802}.Release|Any CPU.Build.0 = Release|Any CPU
		{9D89E413-55D0-4424-1F29-5F7F809E8802}.Release|x64.ActiveCfg = Release|Any CPU
		{9D89E413-55D0-4424-1F29-5F7F809E8802}.Release|x64.Build.0 = Release|Any CPU
		{9D89E413-55D0-4424-1F29-5F7F809E8802}.Release|x86.ActiveCfg = Release|Any CPU
		{9D89E413-55D0-4424-1F29-5F7F809E8802}.Release|x86.Build.0 = Release|Any CPU
		{13B662ED-7A3A-5F66-10C1-BBCBEA05D2DC}.Debug|Any CPU.ActiveCfg = Debug|Any CPU
		{13B662ED-7A3A-5F66-10C1-BBCBEA05D2DC}.Debug|Any CPU.Build.0 = Debug|Any CPU
		{13B662ED-7A3A-5F66-10C1-BBCBEA05D2DC}.Debug|x64.ActiveCfg = Debug|Any CPU
		{13B662ED-7A3A-5F66-10C1-BBCBEA05D2DC}.Debug|x64.Build.0 = Debug|Any CPU
		{13B662ED-7A3A-5F66-10C1-BBCBEA05D2DC}.Debug|x86.ActiveCfg = Debug|Any CPU
		{13B662ED-7A3A-5F66-10C1-BBCBEA05D2DC}.Debug|x86.Build.0 = Debug|Any CPU
		{13B662ED-7A3A-5F66-10C1-BBCBEA05D2DC}.Release|Any CPU.ActiveCfg = Release|Any CPU
		{13B662ED-7A3A-5F66-10C1-BBCBEA05D2DC}.Release|Any CPU.Build.0 = Release|Any CPU
		{13B662ED-7A3A-5F66-10C1-BBCBEA05D2DC}.Release|x64.ActiveCfg = Release|Any CPU
		{13B662ED-7A3A-5F66-10C1-BBCBEA05D2DC}.Release|x64.Build.0 = Release|Any CPU
		{13B662ED-7A3A-5F66-10C1-BBCBEA05D2DC}.Release|x86.ActiveCfg = Release|Any CPU
		{13B662ED-7A3A-5F66-10C1-BBCBEA05D2DC}.Release|x86.Build.0 = Release|Any CPU
		{2A53C793-153B-0696-CB4F-89F231BDDEDA}.Debug|Any CPU.ActiveCfg = Debug|Any CPU
		{2A53C793-153B-0696-CB4F-89F231BDDEDA}.Debug|Any CPU.Build.0 = Debug|Any CPU
		{2A53C793-153B-0696-CB4F-89F231BDDEDA}.Debug|x64.ActiveCfg = Debug|Any CPU
		{2A53C793-153B-0696-CB4F-89F231BDDEDA}.Debug|x64.Build.0 = Debug|Any CPU
		{2A53C793-153B-0696-CB4F-89F231BDDEDA}.Debug|x86.ActiveCfg = Debug|Any CPU
		{2A53C793-153B-0696-CB4F-89F231BDDEDA}.Debug|x86.Build.0 = Debug|Any CPU
		{2A53C793-153B-0696-CB4F-89F231BDDEDA}.Release|Any CPU.ActiveCfg = Release|Any CPU
		{2A53C793-153B-0696-CB4F-89F231BDDEDA}.Release|Any CPU.Build.0 = Release|Any CPU
		{2A53C793-153B-0696-CB4F-89F231BDDEDA}.Release|x64.ActiveCfg = Release|Any CPU
		{2A53C793-153B-0696-CB4F-89F231BDDEDA}.Release|x64.Build.0 = Release|Any CPU
		{2A53C793-153B-0696-CB4F-89F231BDDEDA}.Release|x86.ActiveCfg = Release|Any CPU
		{2A53C793-153B-0696-CB4F-89F231BDDEDA}.Release|x86.Build.0 = Release|Any CPU
		{51223D4B-145E-4BFF-B8F9-9FB71CE2EC2B}.Debug|Any CPU.ActiveCfg = Debug|Any CPU
		{51223D4B-145E-4BFF-B8F9-9FB71CE2EC2B}.Debug|Any CPU.Build.0 = Debug|Any CPU
		{51223D4B-145E-4BFF-B8F9-9FB71CE2EC2B}.Debug|x64.ActiveCfg = Debug|Any CPU
		{51223D4B-145E-4BFF-B8F9-9FB71CE2EC2B}.Debug|x64.Build.0 = Debug|Any CPU
		{51223D4B-145E-4BFF-B8F9-9FB71CE2EC2B}.Debug|x86.ActiveCfg = Debug|Any CPU
		{51223D4B-145E-4BFF-B8F9-9FB71CE2EC2B}.Debug|x86.Build.0 = Debug|Any CPU
		{51223D4B-145E-4BFF-B8F9-9FB71CE2EC2B}.Release|Any CPU.ActiveCfg = Release|Any CPU
		{51223D4B-145E-4BFF-B8F9-9FB71CE2EC2B}.Release|Any CPU.Build.0 = Release|Any CPU
		{51223D4B-145E-4BFF-B8F9-9FB71CE2EC2B}.Release|x64.ActiveCfg = Release|Any CPU
		{51223D4B-145E-4BFF-B8F9-9FB71CE2EC2B}.Release|x64.Build.0 = Release|Any CPU
		{51223D4B-145E-4BFF-B8F9-9FB71CE2EC2B}.Release|x86.ActiveCfg = Release|Any CPU
		{51223D4B-145E-4BFF-B8F9-9FB71CE2EC2B}.Release|x86.Build.0 = Release|Any CPU
		{76325BE3-E690-4BFB-A6E9-BFEB66929915}.Debug|Any CPU.ActiveCfg = Debug|Any CPU
		{76325BE3-E690-4BFB-A6E9-BFEB66929915}.Debug|Any CPU.Build.0 = Debug|Any CPU
		{76325BE3-E690-4BFB-A6E9-BFEB66929915}.Debug|x64.ActiveCfg = Debug|Any CPU
		{76325BE3-E690-4BFB-A6E9-BFEB66929915}.Debug|x64.Build.0 = Debug|Any CPU
		{76325BE3-E690-4BFB-A6E9-BFEB66929915}.Debug|x86.ActiveCfg = Debug|Any CPU
		{76325BE3-E690-4BFB-A6E9-BFEB66929915}.Debug|x86.Build.0 = Debug|Any CPU
		{76325BE3-E690-4BFB-A6E9-BFEB66929915}.Release|Any CPU.ActiveCfg = Release|Any CPU
		{76325BE3-E690-4BFB-A6E9-BFEB66929915}.Release|Any CPU.Build.0 = Release|Any CPU
		{76325BE3-E690-4BFB-A6E9-BFEB66929915}.Release|x64.ActiveCfg = Release|Any CPU
		{76325BE3-E690-4BFB-A6E9-BFEB66929915}.Release|x64.Build.0 = Release|Any CPU
		{76325BE3-E690-4BFB-A6E9-BFEB66929915}.Release|x86.ActiveCfg = Release|Any CPU
		{76325BE3-E690-4BFB-A6E9-BFEB66929915}.Release|x86.Build.0 = Release|Any CPU
		{9A23F05F-18D5-4C44-90C9-769CEDA5719C}.Debug|Any CPU.ActiveCfg = Debug|Any CPU
		{9A23F05F-18D5-4C44-90C9-769CEDA5719C}.Debug|Any CPU.Build.0 = Debug|Any CPU
		{9A23F05F-18D5-4C44-90C9-769CEDA5719C}.Debug|x64.ActiveCfg = Debug|Any CPU
		{9A23F05F-18D5-4C44-90C9-769CEDA5719C}.Debug|x64.Build.0 = Debug|Any CPU
		{9A23F05F-18D5-4C44-90C9-769CEDA5719C}.Debug|x86.ActiveCfg = Debug|Any CPU
		{9A23F05F-18D5-4C44-90C9-769CEDA5719C}.Debug|x86.Build.0 = Debug|Any CPU
		{9A23F05F-18D5-4C44-90C9-769CEDA5719C}.Release|Any CPU.ActiveCfg = Release|Any CPU
		{9A23F05F-18D5-4C44-90C9-769CEDA5719C}.Release|Any CPU.Build.0 = Release|Any CPU
		{9A23F05F-18D5-4C44-90C9-769CEDA5719C}.Release|x64.ActiveCfg = Release|Any CPU
		{9A23F05F-18D5-4C44-90C9-769CEDA5719C}.Release|x64.Build.0 = Release|Any CPU
		{9A23F05F-18D5-4C44-90C9-769CEDA5719C}.Release|x86.ActiveCfg = Release|Any CPU
		{9A23F05F-18D5-4C44-90C9-769CEDA5719C}.Release|x86.Build.0 = Release|Any CPU
		{33972C66-8795-4D86-9BFE-109AF36450EC}.Debug|Any CPU.ActiveCfg = Debug|Any CPU
		{33972C66-8795-4D86-9BFE-109AF36450EC}.Debug|Any CPU.Build.0 = Debug|Any CPU
		{33972C66-8795-4D86-9BFE-109AF36450EC}.Debug|x64.ActiveCfg = Debug|Any CPU
		{33972C66-8795-4D86-9BFE-109AF36450EC}.Debug|x64.Build.0 = Debug|Any CPU
		{33972C66-8795-4D86-9BFE-109AF36450EC}.Debug|x86.ActiveCfg = Debug|Any CPU
		{33972C66-8795-4D86-9BFE-109AF36450EC}.Debug|x86.Build.0 = Debug|Any CPU
		{33972C66-8795-4D86-9BFE-109AF36450EC}.Release|Any CPU.ActiveCfg = Release|Any CPU
		{33972C66-8795-4D86-9BFE-109AF36450EC}.Release|Any CPU.Build.0 = Release|Any CPU
		{33972C66-8795-4D86-9BFE-109AF36450EC}.Release|x64.ActiveCfg = Release|Any CPU
		{33972C66-8795-4D86-9BFE-109AF36450EC}.Release|x64.Build.0 = Release|Any CPU
		{33972C66-8795-4D86-9BFE-109AF36450EC}.Release|x86.ActiveCfg = Release|Any CPU
		{33972C66-8795-4D86-9BFE-109AF36450EC}.Release|x86.Build.0 = Release|Any CPU
		{4A9A7160-FCF1-44A7-B09A-DFCA917C3AAF}.Debug|Any CPU.ActiveCfg = Debug|Any CPU
		{4A9A7160-FCF1-44A7-B09A-DFCA917C3AAF}.Debug|Any CPU.Build.0 = Debug|Any CPU
		{4A9A7160-FCF1-44A7-B09A-DFCA917C3AAF}.Debug|x64.ActiveCfg = Debug|Any CPU
		{4A9A7160-FCF1-44A7-B09A-DFCA917C3AAF}.Debug|x64.Build.0 = Debug|Any CPU
		{4A9A7160-FCF1-44A7-B09A-DFCA917C3AAF}.Debug|x86.ActiveCfg = Debug|Any CPU
		{4A9A7160-FCF1-44A7-B09A-DFCA917C3AAF}.Debug|x86.Build.0 = Debug|Any CPU
		{4A9A7160-FCF1-44A7-B09A-DFCA917C3AAF}.Release|Any CPU.ActiveCfg = Release|Any CPU
		{4A9A7160-FCF1-44A7-B09A-DFCA917C3AAF}.Release|Any CPU.Build.0 = Release|Any CPU
		{4A9A7160-FCF1-44A7-B09A-DFCA917C3AAF}.Release|x64.ActiveCfg = Release|Any CPU
		{4A9A7160-FCF1-44A7-B09A-DFCA917C3AAF}.Release|x64.Build.0 = Release|Any CPU
		{4A9A7160-FCF1-44A7-B09A-DFCA917C3AAF}.Release|x86.ActiveCfg = Release|Any CPU
		{4A9A7160-FCF1-44A7-B09A-DFCA917C3AAF}.Release|x86.Build.0 = Release|Any CPU
		{1E979018-3918-42C6-8DA2-5497DEB7C659}.Debug|Any CPU.ActiveCfg = Debug|Any CPU
		{1E979018-3918-42C6-8DA2-5497DEB7C659}.Debug|Any CPU.Build.0 = Debug|Any CPU
		{1E979018-3918-42C6-8DA2-5497DEB7C659}.Debug|x64.ActiveCfg = Debug|Any CPU
		{1E979018-3918-42C6-8DA2-5497DEB7C659}.Debug|x64.Build.0 = Debug|Any CPU
		{1E979018-3918-42C6-8DA2-5497DEB7C659}.Debug|x86.ActiveCfg = Debug|Any CPU
		{1E979018-3918-42C6-8DA2-5497DEB7C659}.Debug|x86.Build.0 = Debug|Any CPU
		{1E979018-3918-42C6-8DA2-5497DEB7C659}.Release|Any CPU.ActiveCfg = Release|Any CPU
		{1E979018-3918-42C6-8DA2-5497DEB7C659}.Release|Any CPU.Build.0 = Release|Any CPU
		{1E979018-3918-42C6-8DA2-5497DEB7C659}.Release|x64.ActiveCfg = Release|Any CPU
		{1E979018-3918-42C6-8DA2-5497DEB7C659}.Release|x64.Build.0 = Release|Any CPU
		{1E979018-3918-42C6-8DA2-5497DEB7C659}.Release|x86.ActiveCfg = Release|Any CPU
		{1E979018-3918-42C6-8DA2-5497DEB7C659}.Release|x86.Build.0 = Release|Any CPU
		{2CC6B202-3D04-4485-B0D3-771345E27F1C}.Debug|Any CPU.ActiveCfg = Debug|Any CPU
		{2CC6B202-3D04-4485-B0D3-771345E27F1C}.Debug|Any CPU.Build.0 = Debug|Any CPU
		{2CC6B202-3D04-4485-B0D3-771345E27F1C}.Debug|x64.ActiveCfg = Debug|Any CPU
		{2CC6B202-3D04-4485-B0D3-771345E27F1C}.Debug|x64.Build.0 = Debug|Any CPU
		{2CC6B202-3D04-4485-B0D3-771345E27F1C}.Debug|x86.ActiveCfg = Debug|Any CPU
		{2CC6B202-3D04-4485-B0D3-771345E27F1C}.Debug|x86.Build.0 = Debug|Any CPU
		{2CC6B202-3D04-4485-B0D3-771345E27F1C}.Release|Any CPU.ActiveCfg = Release|Any CPU
		{2CC6B202-3D04-4485-B0D3-771345E27F1C}.Release|Any CPU.Build.0 = Release|Any CPU
		{2CC6B202-3D04-4485-B0D3-771345E27F1C}.Release|x64.ActiveCfg = Release|Any CPU
		{2CC6B202-3D04-4485-B0D3-771345E27F1C}.Release|x64.Build.0 = Release|Any CPU
		{2CC6B202-3D04-4485-B0D3-771345E27F1C}.Release|x86.ActiveCfg = Release|Any CPU
		{2CC6B202-3D04-4485-B0D3-771345E27F1C}.Release|x86.Build.0 = Release|Any CPU
		{43F11A7A-3B05-48BE-A4E4-88C7087B552C}.Debug|Any CPU.ActiveCfg = Debug|Any CPU
		{43F11A7A-3B05-48BE-A4E4-88C7087B552C}.Debug|Any CPU.Build.0 = Debug|Any CPU
		{43F11A7A-3B05-48BE-A4E4-88C7087B552C}.Debug|x64.ActiveCfg = Debug|Any CPU
		{43F11A7A-3B05-48BE-A4E4-88C7087B552C}.Debug|x64.Build.0 = Debug|Any CPU
		{43F11A7A-3B05-48BE-A4E4-88C7087B552C}.Debug|x86.ActiveCfg = Debug|Any CPU
		{43F11A7A-3B05-48BE-A4E4-88C7087B552C}.Debug|x86.Build.0 = Debug|Any CPU
		{43F11A7A-3B05-48BE-A4E4-88C7087B552C}.Release|Any CPU.ActiveCfg = Release|Any CPU
		{43F11A7A-3B05-48BE-A4E4-88C7087B552C}.Release|Any CPU.Build.0 = Release|Any CPU
		{43F11A7A-3B05-48BE-A4E4-88C7087B552C}.Release|x64.ActiveCfg = Release|Any CPU
		{43F11A7A-3B05-48BE-A4E4-88C7087B552C}.Release|x64.Build.0 = Release|Any CPU
		{43F11A7A-3B05-48BE-A4E4-88C7087B552C}.Release|x86.ActiveCfg = Release|Any CPU
		{43F11A7A-3B05-48BE-A4E4-88C7087B552C}.Release|x86.Build.0 = Release|Any CPU
		{D8136956-8005-BF80-837F-739EBB94CCC2}.Debug|Any CPU.ActiveCfg = Debug|Any CPU
		{D8136956-8005-BF80-837F-739EBB94CCC2}.Debug|Any CPU.Build.0 = Debug|Any CPU
		{D8136956-8005-BF80-837F-739EBB94CCC2}.Debug|x64.ActiveCfg = Debug|Any CPU
		{D8136956-8005-BF80-837F-739EBB94CCC2}.Debug|x64.Build.0 = Debug|Any CPU
		{D8136956-8005-BF80-837F-739EBB94CCC2}.Debug|x86.ActiveCfg = Debug|Any CPU
		{D8136956-8005-BF80-837F-739EBB94CCC2}.Debug|x86.Build.0 = Debug|Any CPU
		{D8136956-8005-BF80-837F-739EBB94CCC2}.Release|Any CPU.ActiveCfg = Release|Any CPU
		{D8136956-8005-BF80-837F-739EBB94CCC2}.Release|Any CPU.Build.0 = Release|Any CPU
		{D8136956-8005-BF80-837F-739EBB94CCC2}.Release|x64.ActiveCfg = Release|Any CPU
		{D8136956-8005-BF80-837F-739EBB94CCC2}.Release|x64.Build.0 = Release|Any CPU
		{D8136956-8005-BF80-837F-739EBB94CCC2}.Release|x86.ActiveCfg = Release|Any CPU
		{D8136956-8005-BF80-837F-739EBB94CCC2}.Release|x86.Build.0 = Release|Any CPU
		{02CA76BD-F842-6A72-D23E-65A73E08B17F}.Debug|Any CPU.ActiveCfg = Debug|Any CPU
		{02CA76BD-F842-6A72-D23E-65A73E08B17F}.Debug|Any CPU.Build.0 = Debug|Any CPU
		{02CA76BD-F842-6A72-D23E-65A73E08B17F}.Debug|x64.ActiveCfg = Debug|Any CPU
		{02CA76BD-F842-6A72-D23E-65A73E08B17F}.Debug|x64.Build.0 = Debug|Any CPU
		{02CA76BD-F842-6A72-D23E-65A73E08B17F}.Debug|x86.ActiveCfg = Debug|Any CPU
		{02CA76BD-F842-6A72-D23E-65A73E08B17F}.Debug|x86.Build.0 = Debug|Any CPU
		{02CA76BD-F842-6A72-D23E-65A73E08B17F}.Release|Any CPU.ActiveCfg = Release|Any CPU
		{02CA76BD-F842-6A72-D23E-65A73E08B17F}.Release|Any CPU.Build.0 = Release|Any CPU
		{02CA76BD-F842-6A72-D23E-65A73E08B17F}.Release|x64.ActiveCfg = Release|Any CPU
		{02CA76BD-F842-6A72-D23E-65A73E08B17F}.Release|x64.Build.0 = Release|Any CPU
		{02CA76BD-F842-6A72-D23E-65A73E08B17F}.Release|x86.ActiveCfg = Release|Any CPU
		{02CA76BD-F842-6A72-D23E-65A73E08B17F}.Release|x86.Build.0 = Release|Any CPU
		{4DCF92D8-EB1D-4F9A-B72E-BA661B0D4B7D}.Debug|Any CPU.ActiveCfg = Debug|Any CPU
		{4DCF92D8-EB1D-4F9A-B72E-BA661B0D4B7D}.Debug|Any CPU.Build.0 = Debug|Any CPU
		{4DCF92D8-EB1D-4F9A-B72E-BA661B0D4B7D}.Debug|x64.ActiveCfg = Debug|Any CPU
		{4DCF92D8-EB1D-4F9A-B72E-BA661B0D4B7D}.Debug|x64.Build.0 = Debug|Any CPU
		{4DCF92D8-EB1D-4F9A-B72E-BA661B0D4B7D}.Debug|x86.ActiveCfg = Debug|Any CPU
		{4DCF92D8-EB1D-4F9A-B72E-BA661B0D4B7D}.Debug|x86.Build.0 = Debug|Any CPU
		{4DCF92D8-EB1D-4F9A-B72E-BA661B0D4B7D}.Release|Any CPU.ActiveCfg = Release|Any CPU
		{4DCF92D8-EB1D-4F9A-B72E-BA661B0D4B7D}.Release|Any CPU.Build.0 = Release|Any CPU
		{4DCF92D8-EB1D-4F9A-B72E-BA661B0D4B7D}.Release|x64.ActiveCfg = Release|Any CPU
		{4DCF92D8-EB1D-4F9A-B72E-BA661B0D4B7D}.Release|x64.Build.0 = Release|Any CPU
		{4DCF92D8-EB1D-4F9A-B72E-BA661B0D4B7D}.Release|x86.ActiveCfg = Release|Any CPU
		{4DCF92D8-EB1D-4F9A-B72E-BA661B0D4B7D}.Release|x86.Build.0 = Release|Any CPU
		{7A7AAB1B-0FE2-406E-B5A1-5FBABB678131}.Debug|Any CPU.ActiveCfg = Debug|Any CPU
		{7A7AAB1B-0FE2-406E-B5A1-5FBABB678131}.Debug|Any CPU.Build.0 = Debug|Any CPU
		{7A7AAB1B-0FE2-406E-B5A1-5FBABB678131}.Debug|x64.ActiveCfg = Debug|Any CPU
		{7A7AAB1B-0FE2-406E-B5A1-5FBABB678131}.Debug|x64.Build.0 = Debug|Any CPU
		{7A7AAB1B-0FE2-406E-B5A1-5FBABB678131}.Debug|x86.ActiveCfg = Debug|Any CPU
		{7A7AAB1B-0FE2-406E-B5A1-5FBABB678131}.Debug|x86.Build.0 = Debug|Any CPU
		{7A7AAB1B-0FE2-406E-B5A1-5FBABB678131}.Release|Any CPU.ActiveCfg = Release|Any CPU
		{7A7AAB1B-0FE2-406E-B5A1-5FBABB678131}.Release|Any CPU.Build.0 = Release|Any CPU
		{7A7AAB1B-0FE2-406E-B5A1-5FBABB678131}.Release|x64.ActiveCfg = Release|Any CPU
		{7A7AAB1B-0FE2-406E-B5A1-5FBABB678131}.Release|x64.Build.0 = Release|Any CPU
		{7A7AAB1B-0FE2-406E-B5A1-5FBABB678131}.Release|x86.ActiveCfg = Release|Any CPU
		{7A7AAB1B-0FE2-406E-B5A1-5FBABB678131}.Release|x86.Build.0 = Release|Any CPU
		{CE38FB3F-7E57-41FE-BFC7-A8AA7156FC29}.Debug|Any CPU.ActiveCfg = Debug|Any CPU
		{CE38FB3F-7E57-41FE-BFC7-A8AA7156FC29}.Debug|Any CPU.Build.0 = Debug|Any CPU
		{CE38FB3F-7E57-41FE-BFC7-A8AA7156FC29}.Debug|x64.ActiveCfg = Debug|Any CPU
		{CE38FB3F-7E57-41FE-BFC7-A8AA7156FC29}.Debug|x64.Build.0 = Debug|Any CPU
		{CE38FB3F-7E57-41FE-BFC7-A8AA7156FC29}.Debug|x86.ActiveCfg = Debug|Any CPU
		{CE38FB3F-7E57-41FE-BFC7-A8AA7156FC29}.Debug|x86.Build.0 = Debug|Any CPU
		{CE38FB3F-7E57-41FE-BFC7-A8AA7156FC29}.Release|Any CPU.ActiveCfg = Release|Any CPU
		{CE38FB3F-7E57-41FE-BFC7-A8AA7156FC29}.Release|Any CPU.Build.0 = Release|Any CPU
		{CE38FB3F-7E57-41FE-BFC7-A8AA7156FC29}.Release|x64.ActiveCfg = Release|Any CPU
		{CE38FB3F-7E57-41FE-BFC7-A8AA7156FC29}.Release|x64.Build.0 = Release|Any CPU
		{CE38FB3F-7E57-41FE-BFC7-A8AA7156FC29}.Release|x86.ActiveCfg = Release|Any CPU
		{CE38FB3F-7E57-41FE-BFC7-A8AA7156FC29}.Release|x86.Build.0 = Release|Any CPU
		{5708736D-1BCC-4356-A666-6D6D02009180}.Debug|Any CPU.ActiveCfg = Debug|Any CPU
		{5708736D-1BCC-4356-A666-6D6D02009180}.Debug|Any CPU.Build.0 = Debug|Any CPU
		{5708736D-1BCC-4356-A666-6D6D02009180}.Debug|x64.ActiveCfg = Debug|Any CPU
		{5708736D-1BCC-4356-A666-6D6D02009180}.Debug|x64.Build.0 = Debug|Any CPU
		{5708736D-1BCC-4356-A666-6D6D02009180}.Debug|x86.ActiveCfg = Debug|Any CPU
		{5708736D-1BCC-4356-A666-6D6D02009180}.Debug|x86.Build.0 = Debug|Any CPU
		{5708736D-1BCC-4356-A666-6D6D02009180}.Release|Any CPU.ActiveCfg = Release|Any CPU
		{5708736D-1BCC-4356-A666-6D6D02009180}.Release|Any CPU.Build.0 = Release|Any CPU
		{5708736D-1BCC-4356-A666-6D6D02009180}.Release|x64.ActiveCfg = Release|Any CPU
		{5708736D-1BCC-4356-A666-6D6D02009180}.Release|x64.Build.0 = Release|Any CPU
		{5708736D-1BCC-4356-A666-6D6D02009180}.Release|x86.ActiveCfg = Release|Any CPU
		{5708736D-1BCC-4356-A666-6D6D02009180}.Release|x86.Build.0 = Release|Any CPU
		{DB6BDE84-18D1-4CA0-93BC-C2FB111014C7}.Debug|Any CPU.ActiveCfg = Debug|Any CPU
		{DB6BDE84-18D1-4CA0-93BC-C2FB111014C7}.Debug|Any CPU.Build.0 = Debug|Any CPU
		{DB6BDE84-18D1-4CA0-93BC-C2FB111014C7}.Debug|x64.ActiveCfg = Debug|Any CPU
		{DB6BDE84-18D1-4CA0-93BC-C2FB111014C7}.Debug|x64.Build.0 = Debug|Any CPU
		{DB6BDE84-18D1-4CA0-93BC-C2FB111014C7}.Debug|x86.ActiveCfg = Debug|Any CPU
		{DB6BDE84-18D1-4CA0-93BC-C2FB111014C7}.Debug|x86.Build.0 = Debug|Any CPU
		{DB6BDE84-18D1-4CA0-93BC-C2FB111014C7}.Release|Any CPU.ActiveCfg = Release|Any CPU
		{DB6BDE84-18D1-4CA0-93BC-C2FB111014C7}.Release|Any CPU.Build.0 = Release|Any CPU
		{DB6BDE84-18D1-4CA0-93BC-C2FB111014C7}.Release|x64.ActiveCfg = Release|Any CPU
		{DB6BDE84-18D1-4CA0-93BC-C2FB111014C7}.Release|x64.Build.0 = Release|Any CPU
		{DB6BDE84-18D1-4CA0-93BC-C2FB111014C7}.Release|x86.ActiveCfg = Release|Any CPU
		{DB6BDE84-18D1-4CA0-93BC-C2FB111014C7}.Release|x86.Build.0 = Release|Any CPU
		{75B5B2C7-31BA-4227-BE78-12F0E3B04C89}.Debug|Any CPU.ActiveCfg = Debug|Any CPU
		{75B5B2C7-31BA-4227-BE78-12F0E3B04C89}.Debug|Any CPU.Build.0 = Debug|Any CPU
		{75B5B2C7-31BA-4227-BE78-12F0E3B04C89}.Debug|x64.ActiveCfg = Debug|Any CPU
		{75B5B2C7-31BA-4227-BE78-12F0E3B04C89}.Debug|x64.Build.0 = Debug|Any CPU
		{75B5B2C7-31BA-4227-BE78-12F0E3B04C89}.Debug|x86.ActiveCfg = Debug|Any CPU
		{75B5B2C7-31BA-4227-BE78-12F0E3B04C89}.Debug|x86.Build.0 = Debug|Any CPU
		{75B5B2C7-31BA-4227-BE78-12F0E3B04C89}.Release|Any CPU.ActiveCfg = Release|Any CPU
		{75B5B2C7-31BA-4227-BE78-12F0E3B04C89}.Release|Any CPU.Build.0 = Release|Any CPU
		{75B5B2C7-31BA-4227-BE78-12F0E3B04C89}.Release|x64.ActiveCfg = Release|Any CPU
		{75B5B2C7-31BA-4227-BE78-12F0E3B04C89}.Release|x64.Build.0 = Release|Any CPU
		{75B5B2C7-31BA-4227-BE78-12F0E3B04C89}.Release|x86.ActiveCfg = Release|Any CPU
		{75B5B2C7-31BA-4227-BE78-12F0E3B04C89}.Release|x86.Build.0 = Release|Any CPU
		{7279BC49-D610-416D-8B94-F8A4E1C8F63F}.Debug|Any CPU.ActiveCfg = Debug|Any CPU
		{7279BC49-D610-416D-8B94-F8A4E1C8F63F}.Debug|Any CPU.Build.0 = Debug|Any CPU
		{7279BC49-D610-416D-8B94-F8A4E1C8F63F}.Debug|x64.ActiveCfg = Debug|Any CPU
		{7279BC49-D610-416D-8B94-F8A4E1C8F63F}.Debug|x64.Build.0 = Debug|Any CPU
		{7279BC49-D610-416D-8B94-F8A4E1C8F63F}.Debug|x86.ActiveCfg = Debug|Any CPU
		{7279BC49-D610-416D-8B94-F8A4E1C8F63F}.Debug|x86.Build.0 = Debug|Any CPU
		{7279BC49-D610-416D-8B94-F8A4E1C8F63F}.Release|Any CPU.ActiveCfg = Release|Any CPU
		{7279BC49-D610-416D-8B94-F8A4E1C8F63F}.Release|Any CPU.Build.0 = Release|Any CPU
		{7279BC49-D610-416D-8B94-F8A4E1C8F63F}.Release|x64.ActiveCfg = Release|Any CPU
		{7279BC49-D610-416D-8B94-F8A4E1C8F63F}.Release|x64.Build.0 = Release|Any CPU
		{7279BC49-D610-416D-8B94-F8A4E1C8F63F}.Release|x86.ActiveCfg = Release|Any CPU
		{7279BC49-D610-416D-8B94-F8A4E1C8F63F}.Release|x86.Build.0 = Release|Any CPU
		{5E702BFA-4BA7-415C-9A5C-6D8F6BF1EAB3}.Debug|Any CPU.ActiveCfg = Debug|Any CPU
		{5E702BFA-4BA7-415C-9A5C-6D8F6BF1EAB3}.Debug|Any CPU.Build.0 = Debug|Any CPU
		{5E702BFA-4BA7-415C-9A5C-6D8F6BF1EAB3}.Debug|x64.ActiveCfg = Debug|Any CPU
		{5E702BFA-4BA7-415C-9A5C-6D8F6BF1EAB3}.Debug|x64.Build.0 = Debug|Any CPU
		{5E702BFA-4BA7-415C-9A5C-6D8F6BF1EAB3}.Debug|x86.ActiveCfg = Debug|Any CPU
		{5E702BFA-4BA7-415C-9A5C-6D8F6BF1EAB3}.Debug|x86.Build.0 = Debug|Any CPU
		{5E702BFA-4BA7-415C-9A5C-6D8F6BF1EAB3}.Release|Any CPU.ActiveCfg = Release|Any CPU
		{5E702BFA-4BA7-415C-9A5C-6D8F6BF1EAB3}.Release|Any CPU.Build.0 = Release|Any CPU
		{5E702BFA-4BA7-415C-9A5C-6D8F6BF1EAB3}.Release|x64.ActiveCfg = Release|Any CPU
		{5E702BFA-4BA7-415C-9A5C-6D8F6BF1EAB3}.Release|x64.Build.0 = Release|Any CPU
		{5E702BFA-4BA7-415C-9A5C-6D8F6BF1EAB3}.Release|x86.ActiveCfg = Release|Any CPU
		{5E702BFA-4BA7-415C-9A5C-6D8F6BF1EAB3}.Release|x86.Build.0 = Release|Any CPU
		{A73F62E5-0E69-4530-9105-8F758D27EC9B}.Debug|Any CPU.ActiveCfg = Debug|Any CPU
		{A73F62E5-0E69-4530-9105-8F758D27EC9B}.Debug|Any CPU.Build.0 = Debug|Any CPU
		{A73F62E5-0E69-4530-9105-8F758D27EC9B}.Debug|x64.ActiveCfg = Debug|Any CPU
		{A73F62E5-0E69-4530-9105-8F758D27EC9B}.Debug|x64.Build.0 = Debug|Any CPU
		{A73F62E5-0E69-4530-9105-8F758D27EC9B}.Debug|x86.ActiveCfg = Debug|Any CPU
		{A73F62E5-0E69-4530-9105-8F758D27EC9B}.Debug|x86.Build.0 = Debug|Any CPU
		{A73F62E5-0E69-4530-9105-8F758D27EC9B}.Release|Any CPU.ActiveCfg = Release|Any CPU
		{A73F62E5-0E69-4530-9105-8F758D27EC9B}.Release|Any CPU.Build.0 = Release|Any CPU
		{A73F62E5-0E69-4530-9105-8F758D27EC9B}.Release|x64.ActiveCfg = Release|Any CPU
		{A73F62E5-0E69-4530-9105-8F758D27EC9B}.Release|x64.Build.0 = Release|Any CPU
		{A73F62E5-0E69-4530-9105-8F758D27EC9B}.Release|x86.ActiveCfg = Release|Any CPU
		{A73F62E5-0E69-4530-9105-8F758D27EC9B}.Release|x86.Build.0 = Release|Any CPU
	EndGlobalSection
	GlobalSection(SolutionProperties) = preSolution
		HideSolutionNode = FALSE
	EndGlobalSection
	GlobalSection(NestedProjects) = preSolution
		{CE378106-6E70-4E3A-8DDE-EBD36E4F9F5D} = {82A3FA7D-B206-461F-A4B5-46FFBA8CE0E7}
		{5DDAC14D-FE0B-43D0-8A65-6910E3E204EF} = {2988E661-2056-4560-8BEE-BD02B2D83B34}
		{CBF22957-A27F-45AD-93E4-F511F42630BE} = {D7F352F5-D86D-476B-8BD1-4235E92C088D}
		{911C2722-6737-8D91-2B21-CC5680D07019} = {82A3FA7D-B206-461F-A4B5-46FFBA8CE0E7}
		{9D89E413-55D0-4424-1F29-5F7F809E8802} = {82A3FA7D-B206-461F-A4B5-46FFBA8CE0E7}
		{13B662ED-7A3A-5F66-10C1-BBCBEA05D2DC} = {D7F352F5-D86D-476B-8BD1-4235E92C088D}
		{2A53C793-153B-0696-CB4F-89F231BDDEDA} = {D7F352F5-D86D-476B-8BD1-4235E92C088D}
		{51223D4B-145E-4BFF-B8F9-9FB71CE2EC2B} = {2988E661-2056-4560-8BEE-BD02B2D83B34}
		{76325BE3-E690-4BFB-A6E9-BFEB66929915} = {C75378EF-0AC3-4EEC-977E-E002EC2288E3}
		{0590F641-87E7-42D8-B4EA-4F4083E27027} = {D7F352F5-D86D-476B-8BD1-4235E92C088D}
		{9A23F05F-18D5-4C44-90C9-769CEDA5719C} = {0590F641-87E7-42D8-B4EA-4F4083E27027}
		{33972C66-8795-4D86-9BFE-109AF36450EC} = {317058F8-8E04-49A7-8A64-5734B1CCD7C1}
		{4A9A7160-FCF1-44A7-B09A-DFCA917C3AAF} = {317058F8-8E04-49A7-8A64-5734B1CCD7C1}
		{1E979018-3918-42C6-8DA2-5497DEB7C659} = {C75378EF-0AC3-4EEC-977E-E002EC2288E3}
		{2CC6B202-3D04-4485-B0D3-771345E27F1C} = {0590F641-87E7-42D8-B4EA-4F4083E27027}
		{43F11A7A-3B05-48BE-A4E4-88C7087B552C} = {2988E661-2056-4560-8BEE-BD02B2D83B34}
		{D8136956-8005-BF80-837F-739EBB94CCC2} = {317058F8-8E04-49A7-8A64-5734B1CCD7C1}
		{02CA76BD-F842-6A72-D23E-65A73E08B17F} = {317058F8-8E04-49A7-8A64-5734B1CCD7C1}
		{4DCF92D8-EB1D-4F9A-B72E-BA661B0D4B7D} = {317058F8-8E04-49A7-8A64-5734B1CCD7C1}
		{7A7AAB1B-0FE2-406E-B5A1-5FBABB678131} = {82A3FA7D-B206-461F-A4B5-46FFBA8CE0E7}
		{CE38FB3F-7E57-41FE-BFC7-A8AA7156FC29} = {317058F8-8E04-49A7-8A64-5734B1CCD7C1}
		{5708736D-1BCC-4356-A666-6D6D02009180} = {82A3FA7D-B206-461F-A4B5-46FFBA8CE0E7}
		{DB6BDE84-18D1-4CA0-93BC-C2FB111014C7} = {C75378EF-0AC3-4EEC-977E-E002EC2288E3}
		{75B5B2C7-31BA-4227-BE78-12F0E3B04C89} = {0590F641-87E7-42D8-B4EA-4F4083E27027}
		{7279BC49-D610-416D-8B94-F8A4E1C8F63F} = {317058F8-8E04-49A7-8A64-5734B1CCD7C1}
		{5E702BFA-4BA7-415C-9A5C-6D8F6BF1EAB3} = {317058F8-8E04-49A7-8A64-5734B1CCD7C1}
		{A73F62E5-0E69-4530-9105-8F758D27EC9B} = {2988E661-2056-4560-8BEE-BD02B2D83B34}
	EndGlobalSection
	GlobalSection(ExtensibilityGlobals) = postSolution
		SolutionGuid = {4E9ECC0C-2C51-44E4-96C9-8ACA1029875D}
	EndGlobalSection
EndGlobal
